
Microsoft Visual Studio Solution File, Format Version 12.00
# Visual Studio 15
VisualStudioVersion = 15.0.27130.2024
MinimumVisualStudioVersion = 10.0.40219.1
Project("{FAE04EC0-301F-11D3-BF4B-00C04F79EFBC}") = "Core", "SlotMachine\Core.csproj", "{EE0B259C-0A58-4A10-924D-103B21B2E38C}"
EndProject
Project("{FAE04EC0-301F-11D3-BF4B-00C04F79EFBC}") = "Host", "Host\Host.csproj", "{2F94B2D7-FA00-4894-9FD2-42971B423ECC}"
EndProject
Project("{FAE04EC0-301F-11D3-BF4B-00C04F79EFBC}") = "Tests", "SlotMachineTest\Tests.csproj", "{992CD3AF-B265-4011-8DD4-DE946ADEB043}"
EndProject
Global
	GlobalSection(SolutionConfigurationPlatforms) = preSolution
		Debug|Any CPU = Debug|Any CPU
		Release|Any CPU = Release|Any CPU
	EndGlobalSection
	GlobalSection(ProjectConfigurationPlatforms) = postSolution
		{EE0B259C-0A58-4A10-924D-103B21B2E38C}.Debug|Any CPU.ActiveCfg = Debug|Any CPU
		{EE0B259C-0A58-4A10-924D-103B21B2E38C}.Debug|Any CPU.Build.0 = Debug|Any CPU
		{EE0B259C-0A58-4A10-924D-103B21B2E38C}.Release|Any CPU.ActiveCfg = Release|Any CPU
		{EE0B259C-0A58-4A10-924D-103B21B2E38C}.Release|Any CPU.Build.0 = Release|Any CPU
		{2F94B2D7-FA00-4894-9FD2-42971B423ECC}.Debug|Any CPU.ActiveCfg = Debug|Any CPU
		{2F94B2D7-FA00-4894-9FD2-42971B423ECC}.Debug|Any CPU.Build.0 = Debug|Any CPU
		{2F94B2D7-FA00-4894-9FD2-42971B423ECC}.Release|Any CPU.ActiveCfg = Release|Any CPU
		{2F94B2D7-FA00-4894-9FD2-42971B423ECC}.Release|Any CPU.Build.0 = Release|Any CPU
		{992CD3AF-B265-4011-8DD4-DE946ADEB043}.Debug|Any CPU.ActiveCfg = Debug|Any CPU
		{992CD3AF-B265-4011-8DD4-DE946ADEB043}.Debug|Any CPU.Build.0 = Debug|Any CPU
		{992CD3AF-B265-4011-8DD4-DE946ADEB043}.Release|Any CPU.ActiveCfg = Release|Any CPU
		{992CD3AF-B265-4011-8DD4-DE946ADEB043}.Release|Any CPU.Build.0 = Release|Any CPU
	EndGlobalSection
	GlobalSection(SolutionProperties) = preSolution
		HideSolutionNode = FALSE
	EndGlobalSection
	GlobalSection(ExtensibilityGlobals) = postSolution
		SolutionGuid = {B2212222-43D2-4F3B-976D-5FA3A126B589}
	EndGlobalSection
EndGlobal
